{
    "name": "prettydiff3",
    "version": "3.0.0",
    "lockfileVersion": 1,
    "requires": true,
    "dependencies": {
        "@types/node": {
            "version": "9.4.6",
            "resolved": "https://registry.npmjs.org/@types/node/-/node-9.4.6.tgz",
            "integrity": "sha512-CTUtLb6WqCCgp6P59QintjHWqzf4VL1uPA27bipLAPxFqrtK1gEYllePzTICGqQ8rYsCbpnsNypXjjDzGAAjEQ=="
        },
        "ace-builds": {
            "version": "1.2.9",
            "resolved": "https://registry.npmjs.org/ace-builds/-/ace-builds-1.2.9.tgz",
            "integrity": "sha512-Gcz6nv1YOwTrd1cCd5iDHyF15/hsascz25kUdUYC2zvMv1xeTldGrisMeV4+Jq3vv2OGNukzhIu48RB70iY7pA==",
            "dev": true
        },
        "async-limiter": {
            "version": "1.0.0",
            "resolved": "https://registry.npmjs.org/async-limiter/-/async-limiter-1.0.0.tgz",
            "integrity": "sha512-jp/uFnooOiO+L211eZOoSyzpOITMXx1rBITauYykG3BRYPu8h0UcxsPNB04RR5vo4Tyz3+ay17tR6JVf9qzYWg=="
        },
        "file-saver": {
            "version": "1.3.3",
            "resolved": "https://registry.npmjs.org/file-saver/-/file-saver-1.3.3.tgz",
            "integrity": "sha1-zdTETTqiZOrC9o7BZbx5HDSvEjI="
        },
        "parse-framework": {
            "version": "1.1.11",
            "resolved": "https://registry.npmjs.org/parse-framework/-/parse-framework-1.1.11.tgz",
            "integrity": "sha512-WIP5zx4/dqybLQiyK02AUW/cAj8Z5j10hdWW/LaBcpAhLEGoL0x1VylACKvKb/WMBLV3m/r5oCEryM+ivm4TTA==",
            "requires": {
                "@types/node": "9.4.6"
            }
        },
        "safe-buffer": {
            "version": "5.1.1",
            "resolved": "https://registry.npmjs.org/safe-buffer/-/safe-buffer-5.1.1.tgz",
            "integrity": "sha512-kKvNJn6Mm93gAczWVJg7wH+wGYWNrDHdWvpUmHyEsgCtIwwo3bqPtV4tR5tuPaUhTOo/kvhVwd8XwwOllGYkbg=="
        },
        "ultron": {
            "version": "1.1.1",
            "resolved": "https://registry.npmjs.org/ultron/-/ultron-1.1.1.tgz",
            "integrity": "sha512-UIEXBNeYmKptWH6z8ZnqTeS8fV74zG0/eRU9VGkpzz+LIJNs8W/zM/L+7ctCkRrgbNnnR0xxw4bKOr0cW0N0Og=="
        },
        "ws": {
            "version": "3.3.3",
            "resolved": "https://registry.npmjs.org/ws/-/ws-3.3.3.tgz",
            "integrity": "sha512-nnWLa/NwZSt4KQJu51MYlCcSQ5g7INpOrOMt4XV8j4dqTXdmlUmSHQ8/oLC069ckre0fRsgfvsKwbTdtKLCDkA==",
            "requires": {
                "async-limiter": "1.0.0",
                "safe-buffer": "5.1.1",
                "ultron": "1.1.1"
            }
        }
    }
}
