{
    "name": "prettydiff",
    "version": "101.2.2",
    "lockfileVersion": 1,
    "requires": true,
    "dependencies": {
        "@types/node": {
            "version": "12.7.1",
            "resolved": "https://registry.npmjs.org/@types/node/-/node-12.7.1.tgz",
            "integrity": "sha512-aK9jxMypeSrhiYofWWBf/T7O+KwaiAHzM4sveCdWPn71lzUSMimRnKzhXDKfKwV1kWoBo2P1aGgaIYGLf9/ljw=="
        },
        "ace-builds": {
            "version": "1.4.5",
            "resolved": "https://registry.npmjs.org/ace-builds/-/ace-builds-1.4.5.tgz",
            "integrity": "sha512-wotVzxv5YClvwOjiuXNyGm4j/CnKoFIoTnnXNmi1nTHjr7hXMMjQeytcnbFua4thaJ5vvpVEDv0utmjqsrp3Jw==",
            "dev": true
        },
        "async-limiter": {
            "version": "1.0.1",
            "resolved": "https://registry.npmjs.org/async-limiter/-/async-limiter-1.0.1.tgz",
            "integrity": "sha512-csOlWGAcRFJaI6m+F2WKdnMKr4HhdhFVBk0H/QbJFMCr+uO2kwohwXQPxw/9OCxp05r5ghVBFSyioixx3gfkNQ==",
            "dev": true
        },
        "file-saver": {
            "version": "2.0.2",
            "resolved": "https://registry.npmjs.org/file-saver/-/file-saver-2.0.2.tgz",
            "integrity": "sha512-Wz3c3XQ5xroCxd1G8b7yL0Ehkf0TC9oYC6buPFkNnU9EnaPlifeAFCyCh+iewXTyFRcg0a6j3J7FmJsIhlhBdw=="
        },
        "sparser": {
            "version": "1.4.8",
            "resolved": "https://registry.npmjs.org/sparser/-/sparser-1.4.8.tgz",
            "integrity": "sha512-vf1aLZmQR7OT0s9z2RZCpRx+yY8qYnq1G+Ztvq76f8rSp9GkmT1MCoWUbQoLNcgZ+V6kIduIzkamTNkjz4rr4g==",
            "requires": {
                "@types/node": "^12.7.1"
            }
        },
        "ws": {
            "version": "7.1.2",
            "resolved": "https://registry.npmjs.org/ws/-/ws-7.1.2.tgz",
            "integrity": "sha512-gftXq3XI81cJCgkUiAVixA0raD9IVmXqsylCrjRygw4+UOOGzPoxnQ6r/CnVL9i+mDncJo94tSkyrtuuQVBmrg==",
            "dev": true,
            "requires": {
                "async-limiter": "^1.0.0"
            }
        }
    }
}
