{
    "name": "prettydiff",
    "version": "101.0.3",
    "lockfileVersion": 1,
    "requires": true,
    "dependencies": {
        "@types/node": {
            "version": "10.14.7",
            "resolved": "https://registry.npmjs.org/@types/node/-/node-10.14.7.tgz",
            "integrity": "sha512-on4MmIDgHXiuJDELPk1NFaKVUxxCFr37tm8E9yN6rAiF5Pzp/9bBfBHkoexqRiY+hk/Z04EJU9kKEb59YqJ82A=="
        },
        "ace-builds": {
            "version": "1.4.4",
            "resolved": "https://registry.npmjs.org/ace-builds/-/ace-builds-1.4.4.tgz",
            "integrity": "sha512-EQArUYup9c3lBv8meKBjisff/qhhQmU/6LnLhVDfxe+Bnjr0Lz7qhL4Mp8HpwNQzmCqLunjdPFuBtCELVVG6zw==",
            "dev": true
        },
        "async-limiter": {
            "version": "1.0.0",
            "resolved": "https://registry.npmjs.org/async-limiter/-/async-limiter-1.0.0.tgz",
            "integrity": "sha512-jp/uFnooOiO+L211eZOoSyzpOITMXx1rBITauYykG3BRYPu8h0UcxsPNB04RR5vo4Tyz3+ay17tR6JVf9qzYWg==",
            "dev": true
        },
        "file-saver": {
            "version": "1.3.8",
            "resolved": "https://registry.npmjs.org/file-saver/-/file-saver-1.3.8.tgz",
            "integrity": "sha512-spKHSBQIxxS81N/O21WmuXA2F6wppUCsutpzenOeZzOCCJ5gEfcbqJP983IrpLXzYmXnMUa6J03SubcNPdKrlg=="
        },
        "sparser": {
            "version": "1.1.11",
            "resolved": "https://registry.npmjs.org/sparser/-/sparser-1.1.11.tgz",
            "integrity": "sha512-BATjlkckJQ6uO3k6jhtvu3onRCeB4BMkxnR5Uz00y47yverWVWda5PGwLHClVs59Uj3UErbURLGmplxhLSaYAg==",
            "requires": {
                "@types/node": "^10.12.27"
            }
        },
        "ws": {
            "version": "5.2.2",
            "resolved": "https://registry.npmjs.org/ws/-/ws-5.2.2.tgz",
            "integrity": "sha512-jaHFD6PFv6UgoIVda6qZllptQsMlDEJkTQcybzzXDYM1XO9Y8em691FGMPmM46WGyLU4z9KMgQN+qrux/nhlHA==",
            "dev": true,
            "requires": {
                "async-limiter": "~1.0.0"
            }
        }
    }
}
